
Microsoft Visual Studio Solution File, Format Version 12.00
# Visual Studio Version 17
VisualStudioVersion = 17.0.32112.339
MinimumVisualStudioVersion = 10.0.40219.1
Project("{FAE04EC0-301F-11D3-BF4B-00C04F79EFBC}") = "CourseWork", "CourseWork\CourseWork.csproj", "{F3AE79E9-CA43-4A34-9A3B-9E83AE2AF781}"
EndProject
Global
	GlobalSection(SolutionConfigurationPlatforms) = preSolution
		Debug|Any CPU = Debug|Any CPU
		Release|Any CPU = Release|Any CPU
	EndGlobalSection
	GlobalSection(ProjectConfigurationPlatforms) = postSolution
		{F3AE79E9-CA43-4A34-9A3B-9E83AE2AF781}.Debug|Any CPU.ActiveCfg = Debug|Any CPU
		{F3AE79E9-CA43-4A34-9A3B-9E83AE2AF781}.Debug|Any CPU.Build.0 = Debug|Any CPU
		{F3AE79E9-CA43-4A34-9A3B-9E83AE2AF781}.Release|Any CPU.ActiveCfg = Release|Any CPU
		{F3AE79E9-CA43-4A34-9A3B-9E83AE2AF781}.Release|Any CPU.Build.0 = Release|Any CPU
	EndGlobalSection
	GlobalSection(SolutionProperties) = preSolution
		HideSolutionNode = FALSE
	EndGlobalSection
	GlobalSection(ExtensibilityGlobals) = postSolution
		SolutionGuid = {AF73EB61-41E2-4EC5-917C-99D2E445A6C6}
	EndGlobalSection
EndGlobal
